
Microsoft Visual Studio Solution File, Format Version 12.00
# Visual Studio Version 17
VisualStudioVersion = 17.2.32526.322
MinimumVisualStudioVersion = 10.0.40219.1
Project("{FAE04EC0-301F-11D3-BF4B-00C04F79EFBC}") = "BlazorShop.Web", "BlazorShop.Web\BlazorShop.Web.csproj", "{C3BF31AB-3AEF-47C8-A45E-99320508AF64}"
EndProject
Project("{FAE04EC0-301F-11D3-BF4B-00C04F79EFBC}") = "BlazorShop.Api", "BlazorShop.Api\BlazorShop.Api.csproj", "{6BAA783F-8BD8-4604-9E47-73A6E0FE5A7D}"
EndProject
Project("{FAE04EC0-301F-11D3-BF4B-00C04F79EFBC}") = "BlazorShop.Models", "BlazorShop.Models\BlazorShop.Models.csproj", "{6B5F1A09-ADE6-44F8-AC66-3E63B78C93AC}"
EndProject
Global
	GlobalSection(SolutionConfigurationPlatforms) = preSolution
		Debug|Any CPU = Debug|Any CPU
		Release|Any CPU = Release|Any CPU
	EndGlobalSection
	GlobalSection(ProjectConfigurationPlatforms) = postSolution
		{C3BF31AB-3AEF-47C8-A45E-99320508AF64}.Debug|Any CPU.ActiveCfg = Debug|Any CPU
		{C3BF31AB-3AEF-47C8-A45E-99320508AF64}.Debug|Any CPU.Build.0 = Debug|Any CPU
		{C3BF31AB-3AEF-47C8-A45E-99320508AF64}.Release|Any CPU.ActiveCfg = Release|Any CPU
		{C3BF31AB-3AEF-47C8-A45E-99320508AF64}.Release|Any CPU.Build.0 = Release|Any CPU
		{6BAA783F-8BD8-4604-9E47-73A6E0FE5A7D}.Debug|Any CPU.ActiveCfg = Debug|Any CPU
		{6BAA783F-8BD8-4604-9E47-73A6E0FE5A7D}.Debug|Any CPU.Build.0 = Debug|Any CPU
		{6BAA783F-8BD8-4604-9E47-73A6E0FE5A7D}.Release|Any CPU.ActiveCfg = Release|Any CPU
		{6BAA783F-8BD8-4604-9E47-73A6E0FE5A7D}.Release|Any CPU.Build.0 = Release|Any CPU
		{6B5F1A09-ADE6-44F8-AC66-3E63B78C93AC}.Debug|Any CPU.ActiveCfg = Debug|Any CPU
		{6B5F1A09-ADE6-44F8-AC66-3E63B78C93AC}.Debug|Any CPU.Build.0 = Debug|Any CPU
		{6B5F1A09-ADE6-44F8-AC66-3E63B78C93AC}.Release|Any CPU.ActiveCfg = Release|Any CPU
		{6B5F1A09-ADE6-44F8-AC66-3E63B78C93AC}.Release|Any CPU.Build.0 = Release|Any CPU
	EndGlobalSection
	GlobalSection(SolutionProperties) = preSolution
		HideSolutionNode = FALSE
	EndGlobalSection
	GlobalSection(ExtensibilityGlobals) = postSolution
		SolutionGuid = {97019236-9E0D-4E88-9ABD-F7E1D67F1FC6}
	EndGlobalSection
EndGlobal
